{
  "name": "smtp-server",
  "version": "1.0.0",
  "lockfileVersion": 3,
  "requires": true,
  "packages": {
    "": {
      "name": "smtp-server",
      "version": "1.0.0",
      "license": "ISC",
      "dependencies": {
        "@types/smtp-server": "^3.5.12",
        "smtp-server": "^3.18.1"
      }
    },
    "node_modules/@types/node": {
      "version": "25.3.3",
      "resolved": "https://registry.npmjs.org/@types/node/-/node-25.3.3.tgz",
      "integrity": "sha512-DpzbrH7wIcBaJibpKo9nnSQL0MTRdnWttGyE5haGwK86xgMOkFLp7vEyfQPGLOJh5wNYiJ3V9PmUMDhV9u8kkQ==",
      "license": "MIT",
      "dependencies": {
        "undici-types": "~7.18.0"
      }
    },
    "node_modules/@types/nodemailer": {
      "version": "7.0.11",
      "resolved": "https://registry.npmjs.org/@types/nodemailer/-/nodemailer-7.0.11.tgz",
      "integrity": "sha512-E+U4RzR2dKrx+u3N4DlsmLaDC6mMZOM/TPROxA0UAPiTgI0y4CEFBmZE+coGWTjakDriRsXG368lNk1u9Q0a2g==",
      "license": "MIT",
      "dependencies": {
        "@types/node": "*"
      }
    },
    "node_modules/@types/smtp-server": {
      "version": "3.5.12",
      "resolved": "https://registry.npmjs.org/@types/smtp-server/-/smtp-server-3.5.12.tgz",
      "integrity": "sha512-IBemrqI6nzvbgwE41Lnd4v4Yf1Kc7F1UHjk1GFBLNhLcI/Zop1ggHQ8g7Y8QYc6jGVgzWQcsa0MBNcGnDY9UGw==",
      "license": "MIT",
      "dependencies": {
        "@types/node": "*",
        "@types/nodemailer": "*"
      }
    },
    "node_modules/ipv6-normalize": {
      "version": "1.0.1",
      "resolved": "https://registry.npmjs.org/ipv6-normalize/-/ipv6-normalize-1.0.1.tgz",
      "integrity": "sha512-Bm6H79i01DjgGTCWjUuCjJ6QDo1HB96PT/xCYuyJUP9WFbVDrLSbG4EZCvOCun2rNswZb0c3e4Jt/ws795esHA==",
      "license": "MIT"
    },
    "node_modules/nodemailer": {
      "version": "7.0.13",
      "resolved": "https://registry.npmjs.org/nodemailer/-/nodemailer-7.0.13.tgz",
      "integrity": "sha512-PNDFSJdP+KFgdsG3ZzMXCgquO7I6McjY2vlqILjtJd0hy8wEvtugS9xKRF2NWlPNGxvLCXlTNIae4serI7dinw==",
      "license": "MIT-0",
      "engines": {
        "node": ">=6.0.0"
      }
    },
    "node_modules/punycode.js": {
      "version": "2.3.1",
      "resolved": "https://registry.npmjs.org/punycode.js/-/punycode.js-2.3.1.tgz",
      "integrity": "sha512-uxFIHU0YlHYhDQtV4R9J6a52SLx28BCjT+4ieh7IGbgwVJWO+km431c4yRlREUAsAmt/uMjQUyQHNEPf0M39CA==",
      "license": "MIT",
      "engines": {
        "node": ">=6"
      }
    },
    "node_modules/smtp-server": {
      "version": "3.18.1",
      "resolved": "https://registry.npmjs.org/smtp-server/-/smtp-server-3.18.1.tgz",
      "integrity": "sha512-zlUXA6n3HkO0jMyNNc2S67uw7DWHOoLU9vjPo5oW2c8ehJMpRlSumyw4riuvfWPfW/8mryd7ED5PVf4YVg8Y6w==",
      "license": "MIT-0",
      "dependencies": {
        "ipv6-normalize": "1.0.1",
        "nodemailer": "7.0.13",
        "punycode.js": "2.3.1"
      },
      "engines": {
        "node": ">=18.18.0"
      }
    },
    "node_modules/undici-types": {
      "version": "7.18.2",
      "resolved": "https://registry.npmjs.org/undici-types/-/undici-types-7.18.2.tgz",
      "integrity": "sha512-AsuCzffGHJybSaRrmr5eHr81mwJU3kjw6M+uprWvCXiNeN9SOGwQ3Jn8jb8m3Z6izVgknn1R0FTCEAP2QrLY/w==",
      "license": "MIT"
    }
  }
}
